
Microsoft Visual Studio Solution File, Format Version 12.00
# Visual Studio Version 17
VisualStudioVersion = 17.4.33205.214
MinimumVisualStudioVersion = 10.0.40219.1
Project("{FAE04EC0-301F-11D3-BF4B-00C04F79EFBC}") = "p4g64.customSubMenu", "p4g64.customSubMenu\p4g64.customSubMenu.csproj", "{3F4FB09B-E2B1-4E99-9C52-54AC910A0465}"
EndProject
Global
	GlobalSection(SolutionConfigurationPlatforms) = preSolution
		Debug|Any CPU = Debug|Any CPU
		Release|Any CPU = Release|Any CPU
	EndGlobalSection
	GlobalSection(ProjectConfigurationPlatforms) = postSolution
		{3F4FB09B-E2B1-4E99-9C52-54AC910A0465}.Debug|Any CPU.ActiveCfg = Debug|Any CPU
		{3F4FB09B-E2B1-4E99-9C52-54AC910A0465}.Debug|Any CPU.Build.0 = Debug|Any CPU
		{3F4FB09B-E2B1-4E99-9C52-54AC910A0465}.Release|Any CPU.ActiveCfg = Release|Any CPU
		{3F4FB09B-E2B1-4E99-9C52-54AC910A0465}.Release|Any CPU.Build.0 = Release|Any CPU
	EndGlobalSection
	GlobalSection(SolutionProperties) = preSolution
		HideSolutionNode = FALSE
	EndGlobalSection
	GlobalSection(ExtensibilityGlobals) = postSolution
		SolutionGuid = {57026491-45F1-4FCB-AE07-116464F61705}
	EndGlobalSection
EndGlobal
